// !$*UTF8*$!
{
	archiveVersion = 1;
	classes = {
	};
	objectVersion = 46;
	objects = {

/* Begin PBXBuildFile section */
		2D93A9930C71CF25B6F82AF4 /* Pods_CI_SetupTests.framework in Frameworks */ = {isa = PBXBuildFile; fileRef = FC9C2E50A261568E579CC0ED /* Pods_CI_SetupTests.framework */; };
		71749FDEDD171F49B2D300F8 /* Pods_CI_Setup.framework in Frameworks */ = {isa = PBXBuildFile; fileRef = 939A49956520ECDE0C650D89 /* Pods_CI_Setup.framework */; };
		AD323B8DAA1113A921068A31 /* Pods_CI_SetupUITests.framework in Frameworks */ = {isa = PBXBuildFile; fileRef = 1481A6120A46C73C6F4CE2BD /* Pods_CI_SetupUITests.framework */; };
		D0D615741E57570F004F6195 /* AppDelegate.swift in Sources */ = {isa = PBXBuildFile; fileRef = D0D615731E57570F004F6195 /* AppDelegate.swift */; };
		D0D615761E57570F004F6195 /* ViewController.swift in Sources */ = {isa = PBXBuildFile; fileRef = D0D615751E57570F004F6195 /* ViewController.swift */; };
		D0D615791E57570F004F6195 /* Main.storyboard in Resources */ = {isa = PBXBuildFile; fileRef = D0D615771E57570F004F6195 /* Main.storyboard */; };
		D0D6157C1E57570F004F6195 /* CI_Setup.xcdatamodeld in Sources */ = {isa = PBXBuildFile; fileRef = D0D6157A1E57570F004F6195 /* CI_Setup.xcdatamodeld */; };
		D0D6157E1E57570F004F6195 /* Assets.xcassets in Resources */ = {isa = PBXBuildFile; fileRef = D0D6157D1E57570F004F6195 /* Assets.xcassets */; };
		D0D615811E57570F004F6195 /* LaunchScreen.storyboard in Resources */ = {isa = PBXBuildFile; fileRef = D0D6157F1E57570F004F6195 /* LaunchScreen.storyboard */; };
		D0D6158C1E57570F004F6195 /* CI_SetupTests.swift in Sources */ = {isa = PBXBuildFile; fileRef = D0D6158B1E57570F004F6195 /* CI_SetupTests.swift */; };
		D0D615971E57570F004F6195 /* CI_SetupUITests.swift in Sources */ = {isa = PBXBuildFile; fileRef = D0D615961E57570F004F6195 /* CI_SetupUITests.swift */; };
/* End PBXBuildFile section */

/* Begin PBXContainerItemProxy section */
		D0D615881E57570F004F6195 /* PBXContainerItemProxy */ = {
			isa = PBXContainerItemProxy;
			containerPortal = D0D615681E57570F004F6195 /* Project object */;
			proxyType = 1;
			remoteGlobalIDString = D0D6156F1E57570F004F6195;
			remoteInfo = "CI-Setup";
		};
		D0D615931E57570F004F6195 /* PBXContainerItemProxy */ = {
			isa = PBXContainerItemProxy;
			containerPortal = D0D615681E57570F004F6195 /* Project object */;
			proxyType = 1;
			remoteGlobalIDString = D0D6156F1E57570F004F6195;
			remoteInfo = "CI-Setup";
		};
/* End PBXContainerItemProxy section */

/* Begin PBXFileReference section */
		10880D6690E15C041B2AB2D5 /* Pods-CI-SetupUITests.release.xcconfig */ = {isa = PBXFileReference; includeInIndex = 1; lastKnownFileType = text.xcconfig; name = "Pods-CI-SetupUITests.release.xcconfig"; path = "Pods/Target Support Files/Pods-CI-SetupUITests/Pods-CI-SetupUITests.release.xcconfig"; sourceTree = "<group>"; };
		1481A6120A46C73C6F4CE2BD /* Pods_CI_SetupUITests.framework */ = {isa = PBXFileReference; explicitFileType = wrapper.framework; includeInIndex = 0; path = Pods_CI_SetupUITests.framework; sourceTree = BUILT_PRODUCTS_DIR; };
		2FCFF6F444ADE1A51E8CE054 /* Pods-CI-Setup.debug.xcconfig */ = {isa = PBXFileReference; includeInIndex = 1; lastKnownFileType = text.xcconfig; name = "Pods-CI-Setup.debug.xcconfig"; path = "Pods/Target Support Files/Pods-CI-Setup/Pods-CI-Setup.debug.xcconfig"; sourceTree = "<group>"; };
		547CF48DCD377CE0E7103B1E /* Pods-CI-SetupTests.debug.xcconfig */ = {isa = PBXFileReference; includeInIndex = 1; lastKnownFileType = text.xcconfig; name = "Pods-CI-SetupTests.debug.xcconfig"; path = "Pods/Target Support Files/Pods-CI-SetupTests/Pods-CI-SetupTests.debug.xcconfig"; sourceTree = "<group>"; };
		7695218E4D29DFD3B7075688 /* Pods-CI-SetupTests.release.xcconfig */ = {isa = PBXFileReference; includeInIndex = 1; lastKnownFileType = text.xcconfig; name = "Pods-CI-SetupTests.release.xcconfig"; path = "Pods/Target Support Files/Pods-CI-SetupTests/Pods-CI-SetupTests.release.xcconfig"; sourceTree = "<group>"; };
		939A49956520ECDE0C650D89 /* Pods_CI_Setup.framework */ = {isa = PBXFileReference; explicitFileType = wrapper.framework; includeInIndex = 0; path = Pods_CI_Setup.framework; sourceTree = BUILT_PRODUCTS_DIR; };
		CC559B8E57C2DF6DB114B1E0 /* Pods-CI-SetupUITests.debug.xcconfig */ = {isa = PBXFileReference; includeInIndex = 1; lastKnownFileType = text.xcconfig; name = "Pods-CI-SetupUITests.debug.xcconfig"; path = "Pods/Target Support Files/Pods-CI-SetupUITests/Pods-CI-SetupUITests.debug.xcconfig"; sourceTree = "<group>"; };
		D0D615701E57570F004F6195 /* CI-Setup.app */ = {isa = PBXFileReference; explicitFileType = wrapper.application; includeInIndex = 0; path = "CI-Setup.app"; sourceTree = BUILT_PRODUCTS_DIR; };
		D0D615731E57570F004F6195 /* AppDelegate.swift */ = {isa = PBXFileReference; lastKnownFileType = sourcecode.swift; path = AppDelegate.swift; sourceTree = "<group>"; };
		D0D615751E57570F004F6195 /* ViewController.swift */ = {isa = PBXFileReference; lastKnownFileType = sourcecode.swift; path = ViewController.swift; sourceTree = "<group>"; };
		D0D615781E57570F004F6195 /* Base */ = {isa = PBXFileReference; lastKnownFileType = file.storyboard; name = Base; path = Base.lproj/Main.storyboard; sourceTree = "<group>"; };
		D0D6157B1E57570F004F6195 /* CI_Setup.xcdatamodel */ = {isa = PBXFileReference; lastKnownFileType = wrapper.xcdatamodel; path = CI_Setup.xcdatamodel; sourceTree = "<group>"; };
		D0D6157D1E57570F004F6195 /* Assets.xcassets */ = {isa = PBXFileReference; lastKnownFileType = folder.assetcatalog; path = Assets.xcassets; sourceTree = "<group>"; };
		D0D615801E57570F004F6195 /* Base */ = {isa = PBXFileReference; lastKnownFileType = file.storyboard; name = Base; path = Base.lproj/LaunchScreen.storyboard; sourceTree = "<group>"; };
		D0D615821E57570F004F6195 /* Info.plist */ = {isa = PBXFileReference; lastKnownFileType = text.plist.xml; path = Info.plist; sourceTree = "<group>"; };
		D0D615871E57570F004F6195 /* CI-SetupTests.xctest */ = {isa = PBXFileReference; explicitFileType = wrapper.cfbundle; includeInIndex = 0; path = "CI-SetupTests.xctest"; sourceTree = BUILT_PRODUCTS_DIR; };
		D0D6158B1E57570F004F6195 /* CI_SetupTests.swift */ = {isa = PBXFileReference; lastKnownFileType = sourcecode.swift; path = CI_SetupTests.swift; sourceTree = "<group>"; };
		D0D6158D1E57570F004F6195 /* Info.plist */ = {isa = PBXFileReference; lastKnownFileType = text.plist.xml; path = Info.plist; sourceTree = "<group>"; };
		D0D615921E57570F004F6195 /* CI-SetupUITests.xctest */ = {isa = PBXFileReference; explicitFileType = wrapper.cfbundle; includeInIndex = 0; path = "CI-SetupUITests.xctest"; sourceTree = BUILT_PRODUCTS_DIR; };
		D0D615961E57570F004F6195 /* CI_SetupUITests.swift */ = {isa = PBXFileReference; lastKnownFileType = sourcecode.swift; path = CI_SetupUITests.swift; sourceTree = "<group>"; };
		D0D615981E57570F004F6195 /* Info.plist */ = {isa = PBXFileReference; lastKnownFileType = text.plist.xml; path = Info.plist; sourceTree = "<group>"; };
		FA49FB585EFE82A57EA48A43 /* Pods-CI-Setup.release.xcconfig */ = {isa = PBXFileReference; includeInIndex = 1; lastKnownFileType = text.xcconfig; name = "Pods-CI-Setup.release.xcconfig"; path = "Pods/Target Support Files/Pods-CI-Setup/Pods-CI-Setup.release.xcconfig"; sourceTree = "<group>"; };
		FC9C2E50A261568E579CC0ED /* Pods_CI_SetupTests.framework */ = {isa = PBXFileReference; explicitFileType = wrapper.framework; includeInIndex = 0; path = Pods_CI_SetupTests.framework; sourceTree = BUILT_PRODUCTS_DIR; };
/* End PBXFileReference section */

/* Begin PBXFrameworksBuildPhase section */
		D0D6156D1E57570F004F6195 /* Frameworks */ = {
			isa = PBXFrameworksBuildPhase;
			buildActionMask = 2147483647;
			files = (
				71749FDEDD171F49B2D300F8 /* Pods_CI_Setup.framework in Frameworks */,
			);
			runOnlyForDeploymentPostprocessing = 0;
		};
		D0D615841E57570F004F6195 /* Frameworks */ = {
			isa = PBXFrameworksBuildPhase;
			buildActionMask = 2147483647;
			files = (
				2D93A9930C71CF25B6F82AF4 /* Pods_CI_SetupTests.framework in Frameworks */,
			);
			runOnlyForDeploymentPostprocessing = 0;
		};
		D0D6158F1E57570F004F6195 /* Frameworks */ = {
			isa = PBXFrameworksBuildPhase;
			buildActionMask = 2147483647;
			files = (
				AD323B8DAA1113A921068A31 /* Pods_CI_SetupUITests.framework in Frameworks */,
			);
			runOnlyForDeploymentPostprocessing = 0;
		};
/* End PBXFrameworksBuildPhase section */

/* Begin PBXGroup section */
		9C0E711DB604B6EED9911968 /* Pods */ = {
			isa = PBXGroup;
			children = (
				2FCFF6F444ADE1A51E8CE054 /* Pods-CI-Setup.debug.xcconfig */,
				FA49FB585EFE82A57EA48A43 /* Pods-CI-Setup.release.xcconfig */,
				547CF48DCD377CE0E7103B1E /* Pods-CI-SetupTests.debug.xcconfig */,
				7695218E4D29DFD3B7075688 /* Pods-CI-SetupTests.release.xcconfig */,
				CC559B8E57C2DF6DB114B1E0 /* Pods-CI-SetupUITests.debug.xcconfig */,
				10880D6690E15C041B2AB2D5 /* Pods-CI-SetupUITests.release.xcconfig */,
			);
			name = Pods;
			sourceTree = "<group>";
		};
		C3B03FD1D9908470903EEBA5 /* Frameworks */ = {
			isa = PBXGroup;
			children = (
				939A49956520ECDE0C650D89 /* Pods_CI_Setup.framework */,
				FC9C2E50A261568E579CC0ED /* Pods_CI_SetupTests.framework */,
				1481A6120A46C73C6F4CE2BD /* Pods_CI_SetupUITests.framework */,
			);
			name = Frameworks;
			sourceTree = "<group>";
		};
		D0D615671E57570F004F6195 = {
			isa = PBXGroup;
			children = (
				D0D615721E57570F004F6195 /* CI-Setup */,
				D0D6158A1E57570F004F6195 /* CI-SetupTests */,
				D0D615951E57570F004F6195 /* CI-SetupUITests */,
				D0D615711E57570F004F6195 /* Products */,
				9C0E711DB604B6EED9911968 /* Pods */,
				C3B03FD1D9908470903EEBA5 /* Frameworks */,
			);
			sourceTree = "<group>";
		};
		D0D615711E57570F004F6195 /* Products */ = {
			isa = PBXGroup;
			children = (
				D0D615701E57570F004F6195 /* CI-Setup.app */,
				D0D615871E57570F004F6195 /* CI-SetupTests.xctest */,
				D0D615921E57570F004F6195 /* CI-SetupUITests.xctest */,
			);
			name = Products;
			sourceTree = "<group>";
		};
		D0D615721E57570F004F6195 /* CI-Setup */ = {
			isa = PBXGroup;
			children = (
				D0D615731E57570F004F6195 /* AppDelegate.swift */,
				D0D615751E57570F004F6195 /* ViewController.swift */,
				D0D615771E57570F004F6195 /* Main.storyboard */,
				D0D6157D1E57570F004F6195 /* Assets.xcassets */,
				D0D6157F1E57570F004F6195 /* LaunchScreen.storyboard */,
				D0D615821E57570F004F6195 /* Info.plist */,
				D0D6157A1E57570F004F6195 /* CI_Setup.xcdatamodeld */,
			);
			path = "CI-Setup";
			sourceTree = "<group>";
		};
		D0D6158A1E57570F004F6195 /* CI-SetupTests */ = {
			isa = PBXGroup;
			children = (
				D0D6158B1E57570F004F6195 /* CI_SetupTests.swift */,
				D0D6158D1E57570F004F6195 /* Info.plist */,
			);
			path = "CI-SetupTests";
			sourceTree = "<group>";
		};
		D0D615951E57570F004F6195 /* CI-SetupUITests */ = {
			isa = PBXGroup;
			children = (
				D0D615961E57570F004F6195 /* CI_SetupUITests.swift */,
				D0D615981E57570F004F6195 /* Info.plist */,
			);
			path = "CI-SetupUITests";
			sourceTree = "<group>";
		};
/* End PBXGroup section */

/* Begin PBXNativeTarget section */
		D0D6156F1E57570F004F6195 /* CI-Setup */ = {
			isa = PBXNativeTarget;
			buildConfigurationList = D0D6159B1E57570F004F6195 /* Build configuration list for PBXNativeTarget "CI-Setup" */;
			buildPhases = (
				D8E51E0238BE8F1855B0307E /* [CP] Check Pods Manifest.lock */,
				D0D6156C1E57570F004F6195 /* Sources */,
				D0D6156D1E57570F004F6195 /* Frameworks */,
				D0D6156E1E57570F004F6195 /* Resources */,
				C849BBCB099EBAE72F138277 /* [CP] Embed Pods Frameworks */,
				EA057957D5B65DCFABA649A8 /* [CP] Copy Pods Resources */,
			);
			buildRules = (
			);
			dependencies = (
			);
			name = "CI-Setup";
			productName = "CI-Setup";
			productReference = D0D615701E57570F004F6195 /* CI-Setup.app */;
			productType = "com.apple.product-type.application";
		};
		D0D615861E57570F004F6195 /* CI-SetupTests */ = {
			isa = PBXNativeTarget;
			buildConfigurationList = D0D6159E1E57570F004F6195 /* Build configuration list for PBXNativeTarget "CI-SetupTests" */;
			buildPhases = (
				6395FBC2D7E7A7877B36E775 /* [CP] Check Pods Manifest.lock */,
				D0D615831E57570F004F6195 /* Sources */,
				D0D615841E57570F004F6195 /* Frameworks */,
				D0D615851E57570F004F6195 /* Resources */,
				26124B4141367937FCA4BE1C /* [CP] Embed Pods Frameworks */,
				AD4B0713031A03969A8A0741 /* [CP] Copy Pods Resources */,
			);
			buildRules = (
			);
			dependencies = (
				D0D615891E57570F004F6195 /* PBXTargetDependency */,
			);
			name = "CI-SetupTests";
			productName = "CI-SetupTests";
			productReference = D0D615871E57570F004F6195 /* CI-SetupTests.xctest */;
			productType = "com.apple.product-type.bundle.unit-test";
		};
		D0D615911E57570F004F6195 /* CI-SetupUITests */ = {
			isa = PBXNativeTarget;
			buildConfigurationList = D0D615A11E57570F004F6195 /* Build configuration list for PBXNativeTarget "CI-SetupUITests" */;
			buildPhases = (
				07F5191BF4F8471031D24693 /* [CP] Check Pods Manifest.lock */,
				D0D6158E1E57570F004F6195 /* Sources */,
				D0D6158F1E57570F004F6195 /* Frameworks */,
				D0D615901E57570F004F6195 /* Resources */,
				11CB0CCC89CA36C8D0CBE942 /* [CP] Embed Pods Frameworks */,
				7A674782804B7CD840B3F433 /* [CP] Copy Pods Resources */,
			);
			buildRules = (
			);
			dependencies = (
				D0D615941E57570F004F6195 /* PBXTargetDependency */,
			);
			name = "CI-SetupUITests";
			productName = "CI-SetupUITests";
			productReference = D0D615921E57570F004F6195 /* CI-SetupUITests.xctest */;
			productType = "com.apple.product-type.bundle.ui-testing";
		};
/* End PBXNativeTarget section */

/* Begin PBXProject section */
		D0D615681E57570F004F6195 /* Project object */ = {
			isa = PBXProject;
			attributes = {
				LastSwiftUpdateCheck = 0820;
				LastUpgradeCheck = 0820;
				ORGANIZATIONNAME = 3M;
				TargetAttributes = {
					D0D6156F1E57570F004F6195 = {
						CreatedOnToolsVersion = 8.2.1;
						DevelopmentTeam = 5KWF99WNA8;
						ProvisioningStyle = Manual;
					};
					D0D615861E57570F004F6195 = {
						CreatedOnToolsVersion = 8.2.1;
						DevelopmentTeam = 5KWF99WNA8;
						ProvisioningStyle = Automatic;
						TestTargetID = D0D6156F1E57570F004F6195;
					};
					D0D615911E57570F004F6195 = {
						CreatedOnToolsVersion = 8.2.1;
						DevelopmentTeam = 5KWF99WNA8;
						ProvisioningStyle = Automatic;
						TestTargetID = D0D6156F1E57570F004F6195;
					};
				};
			};
			buildConfigurationList = D0D6156B1E57570F004F6195 /* Build configuration list for PBXProject "CI-Setup" */;
			compatibilityVersion = "Xcode 3.2";
			developmentRegion = English;
			hasScannedForEncodings = 0;
			knownRegions = (
				en,
				Base,
			);
			mainGroup = D0D615671E57570F004F6195;
			productRefGroup = D0D615711E57570F004F6195 /* Products */;
			projectDirPath = "";
			projectRoot = "";
			targets = (
				D0D6156F1E57570F004F6195 /* CI-Setup */,
				D0D615861E57570F004F6195 /* CI-SetupTests */,
				D0D615911E57570F004F6195 /* CI-SetupUITests */,
			);
		};
/* End PBXProject section */

/* Begin PBXResourcesBuildPhase section */
		D0D6156E1E57570F004F6195 /* Resources */ = {
			isa = PBXResourcesBuildPhase;
			buildActionMask = 2147483647;
			files = (
				D0D615811E57570F004F6195 /* LaunchScreen.storyboard in Resources */,
				D0D6157E1E57570F004F6195 /* Assets.xcassets in Resources */,
				D0D615791E57570F004F6195 /* Main.storyboard in Resources */,
			);
			runOnlyForDeploymentPostprocessing = 0;
		};
		D0D615851E57570F004F6195 /* Resources */ = {
			isa = PBXResourcesBuildPhase;
			buildActionMask = 2147483647;
			files = (
			);
			runOnlyForDeploymentPostprocessing = 0;
		};
		D0D615901E57570F004F6195 /* Resources */ = {
			isa = PBXResourcesBuildPhase;
			buildActionMask = 2147483647;
			files = (
			);
			runOnlyForDeploymentPostprocessing = 0;
		};
/* End PBXResourcesBuildPhase section */

/* Begin PBXShellScriptBuildPhase section */
		07F5191BF4F8471031D24693 /* [CP] Check Pods Manifest.lock */ = {
			isa = PBXShellScriptBuildPhase;
			buildActionMask = 2147483647;
			files = (
			);
			inputPaths = (
			);
			name = "[CP] Check Pods Manifest.lock";
			outputPaths = (
			);
			runOnlyForDeploymentPostprocessing = 0;
			shellPath = /bin/sh;
			shellScript = "diff \"${PODS_ROOT}/../Podfile.lock\" \"${PODS_ROOT}/Manifest.lock\" > /dev/null\nif [ $? != 0 ] ; then\n    # print error to STDERR\n    echo \"error: The sandbox is not in sync with the Podfile.lock. Run 'pod install' or update your CocoaPods installation.\" >&2\n    exit 1\nfi\n";
			showEnvVarsInLog = 0;
		};
		11CB0CCC89CA36C8D0CBE942 /* [CP] Embed Pods Frameworks */ = {
			isa = PBXShellScriptBuildPhase;
			buildActionMask = 2147483647;
			files = (
			);
			inputPaths = (
			);
			name = "[CP] Embed Pods Frameworks";
			outputPaths = (
			);
			runOnlyForDeploymentPostprocessing = 0;
			shellPath = /bin/sh;
			shellScript = "\"${SRCROOT}/Pods/Target Support Files/Pods-CI-SetupUITests/Pods-CI-SetupUITests-frameworks.sh\"\n";
			showEnvVarsInLog = 0;
		};
		26124B4141367937FCA4BE1C /* [CP] Embed Pods Frameworks */ = {
			isa = PBXShellScriptBuildPhase;
			buildActionMask = 2147483647;
			files = (
			);
			inputPaths = (
			);
			name = "[CP] Embed Pods Frameworks";
			outputPaths = (
			);
			runOnlyForDeploymentPostprocessing = 0;
			shellPath = /bin/sh;
			shellScript = "\"${SRCROOT}/Pods/Target Support Files/Pods-CI-SetupTests/Pods-CI-SetupTests-frameworks.sh\"\n";
			showEnvVarsInLog = 0;
		};
		6395FBC2D7E7A7877B36E775 /* [CP] Check Pods Manifest.lock */ = {
			isa = PBXShellScriptBuildPhase;
			buildActionMask = 2147483647;
			files = (
			);
			inputPaths = (
			);
			name = "[CP] Check Pods Manifest.lock";
			outputPaths = (
			);
			runOnlyForDeploymentPostprocessing = 0;
			shellPath = /bin/sh;
			shellScript = "diff \"${PODS_ROOT}/../Podfile.lock\" \"${PODS_ROOT}/Manifest.lock\" > /dev/null\nif [ $? != 0 ] ; then\n    # print error to STDERR\n    echo \"error: The sandbox is not in sync with the Podfile.lock. Run 'pod install' or update your CocoaPods installation.\" >&2\n    exit 1\nfi\n";
			showEnvVarsInLog = 0;
		};
		7A674782804B7CD840B3F433 /* [CP] Copy Pods Resources */ = {
			isa = PBXShellScriptBuildPhase;
			buildActionMask = 2147483647;
			files = (
			);
			inputPaths = (
			);
			name = "[CP] Copy Pods Resources";
			outputPaths = (
			);
			runOnlyForDeploymentPostprocessing = 0;
			shellPath = /bin/sh;
			shellScript = "\"${SRCROOT}/Pods/Target Support Files/Pods-CI-SetupUITests/Pods-CI-SetupUITests-resources.sh\"\n";
			showEnvVarsInLog = 0;
		};
		AD4B0713031A03969A8A0741 /* [CP] Copy Pods Resources */ = {
			isa = PBXShellScriptBuildPhase;
			buildActionMask = 2147483647;
			files = (
			);
			inputPaths = (
			);
			name = "[CP] Copy Pods Resources";
			outputPaths = (
			);
			runOnlyForDeploymentPostprocessing = 0;
			shellPath = /bin/sh;
			shellScript = "\"${SRCROOT}/Pods/Target Support Files/Pods-CI-SetupTests/Pods-CI-SetupTests-resources.sh\"\n";
			showEnvVarsInLog = 0;
		};
		C849BBCB099EBAE72F138277 /* [CP] Embed Pods Frameworks */ = {
			isa = PBXShellScriptBuildPhase;
			buildActionMask = 2147483647;
			files = (
			);
			inputPaths = (
			);
			name = "[CP] Embed Pods Frameworks";
			outputPaths = (
			);
			runOnlyForDeploymentPostprocessing = 0;
			shellPath = /bin/sh;
			shellScript = "\"${SRCROOT}/Pods/Target Support Files/Pods-CI-Setup/Pods-CI-Setup-frameworks.sh\"\n";
			showEnvVarsInLog = 0;
		};
		D8E51E0238BE8F1855B0307E /* [CP] Check Pods Manifest.lock */ = {
			isa = PBXShellScriptBuildPhase;
			buildActionMask = 2147483647;
			files = (
			);
			inputPaths = (
			);
			name = "[CP] Check Pods Manifest.lock";
			outputPaths = (
			);
			runOnlyForDeploymentPostprocessing = 0;
			shellPath = /bin/sh;
			shellScript = "diff \"${PODS_ROOT}/../Podfile.lock\" \"${PODS_ROOT}/Manifest.lock\" > /dev/null\nif [ $? != 0 ] ; then\n    # print error to STDERR\n    echo \"error: The sandbox is not in sync with the Podfile.lock. Run 'pod install' or update your CocoaPods installation.\" >&2\n    exit 1\nfi\n";
			showEnvVarsInLog = 0;
		};
		EA057957D5B65DCFABA649A8 /* [CP] Copy Pods Resources */ = {
			isa = PBXShellScriptBuildPhase;
			buildActionMask = 2147483647;
			files = (
			);
			inputPaths = (
			);
			name = "[CP] Copy Pods Resources";
			outputPaths = (
			);
			runOnlyForDeploymentPostprocessing = 0;
			shellPath = /bin/sh;
			shellScript = "\"${SRCROOT}/Pods/Target Support Files/Pods-CI-Setup/Pods-CI-Setup-resources.sh\"\n";
			showEnvVarsInLog = 0;
		};
/* End PBXShellScriptBuildPhase section */

/* Begin PBXSourcesBuildPhase section */
		D0D6156C1E57570F004F6195 /* Sources */ = {
			isa = PBXSourcesBuildPhase;
			buildActionMask = 2147483647;
			files = (
				D0D615761E57570F004F6195 /* ViewController.swift in Sources */,
				D0D6157C1E57570F004F6195 /* CI_Setup.xcdatamodeld in Sources */,
				D0D615741E57570F004F6195 /* AppDelegate.swift in Sources */,
			);
			runOnlyForDeploymentPostprocessing = 0;
		};
		D0D615831E57570F004F6195 /* Sources */ = {
			isa = PBXSourcesBuildPhase;
			buildActionMask = 2147483647;
			files = (
				D0D6158C1E57570F004F6195 /* CI_SetupTests.swift in Sources */,
			);
			runOnlyForDeploymentPostprocessing = 0;
		};
		D0D6158E1E57570F004F6195 /* Sources */ = {
			isa = PBXSourcesBuildPhase;
			buildActionMask = 2147483647;
			files = (
				D0D615971E57570F004F6195 /* CI_SetupUITests.swift in Sources */,
			);
			runOnlyForDeploymentPostprocessing = 0;
		};
/* End PBXSourcesBuildPhase section */

/* Begin PBXTargetDependency section */
		D0D615891E57570F004F6195 /* PBXTargetDependency */ = {
			isa = PBXTargetDependency;
			target = D0D6156F1E57570F004F6195 /* CI-Setup */;
			targetProxy = D0D615881E57570F004F6195 /* PBXContainerItemProxy */;
		};
		D0D615941E57570F004F6195 /* PBXTargetDependency */ = {
			isa = PBXTargetDependency;
			target = D0D6156F1E57570F004F6195 /* CI-Setup */;
			targetProxy = D0D615931E57570F004F6195 /* PBXContainerItemProxy */;
		};
/* End PBXTargetDependency section */

/* Begin PBXVariantGroup section */
		D0D615771E57570F004F6195 /* Main.storyboard */ = {
			isa = PBXVariantGroup;
			children = (
				D0D615781E57570F004F6195 /* Base */,
			);
			name = Main.storyboard;
			sourceTree = "<group>";
		};
		D0D6157F1E57570F004F6195 /* LaunchScreen.storyboard */ = {
			isa = PBXVariantGroup;
			children = (
				D0D615801E57570F004F6195 /* Base */,
			);
			name = LaunchScreen.storyboard;
			sourceTree = "<group>";
		};
/* End PBXVariantGroup section */

/* Begin XCBuildConfiguration section */
		D0D615991E57570F004F6195 /* Debug */ = {
			isa = XCBuildConfiguration;
			buildSettings = {
				ALWAYS_SEARCH_USER_PATHS = NO;
				CLANG_ANALYZER_NONNULL = YES;
				CLANG_CXX_LANGUAGE_STANDARD = "gnu++0x";
				CLANG_CXX_LIBRARY = "libc++";
				CLANG_ENABLE_MODULES = YES;
				CLANG_ENABLE_OBJC_ARC = YES;
				CLANG_WARN_BOOL_CONVERSION = YES;
				CLANG_WARN_CONSTANT_CONVERSION = YES;
				CLANG_WARN_DIRECT_OBJC_ISA_USAGE = YES_ERROR;
				CLANG_WARN_DOCUMENTATION_COMMENTS = YES;
				CLANG_WARN_EMPTY_BODY = YES;
				CLANG_WARN_ENUM_CONVERSION = YES;
				CLANG_WARN_INFINITE_RECURSION = YES;
				CLANG_WARN_INT_CONVERSION = YES;
				CLANG_WARN_OBJC_ROOT_CLASS = YES_ERROR;
				CLANG_WARN_SUSPICIOUS_MOVE = YES;
				CLANG_WARN_UNREACHABLE_CODE = YES;
				CLANG_WARN__DUPLICATE_METHOD_MATCH = YES;
				"CODE_SIGN_IDENTITY[sdk=iphoneos*]" = "iPhone Developer";
				COPY_PHASE_STRIP = NO;
				DEBUG_INFORMATION_FORMAT = dwarf;
				ENABLE_STRICT_OBJC_MSGSEND = YES;
				ENABLE_TESTABILITY = YES;
				GCC_C_LANGUAGE_STANDARD = gnu99;
				GCC_DYNAMIC_NO_PIC = NO;
				GCC_NO_COMMON_BLOCKS = YES;
				GCC_OPTIMIZATION_LEVEL = 0;
				GCC_PREPROCESSOR_DEFINITIONS = (
					"DEBUG=1",
					"$(inherited)",
				);
				GCC_WARN_64_TO_32_BIT_CONVERSION = YES;
				GCC_WARN_ABOUT_RETURN_TYPE = YES_ERROR;
				GCC_WARN_UNDECLARED_SELECTOR = YES;
				GCC_WARN_UNINITIALIZED_AUTOS = YES_AGGRESSIVE;
				GCC_WARN_UNUSED_FUNCTION = YES;
				GCC_WARN_UNUSED_VARIABLE = YES;
				IPHONEOS_DEPLOYMENT_TARGET = 10.2;
				MTL_ENABLE_DEBUG_INFO = YES;
				ONLY_ACTIVE_ARCH = YES;
				SDKROOT = iphoneos;
				SWIFT_ACTIVE_COMPILATION_CONDITIONS = DEBUG;
				SWIFT_OPTIMIZATION_LEVEL = "-Onone";
				TARGETED_DEVICE_FAMILY = "1,2";
			};
			name = Debug;
		};
		D0D6159A1E57570F004F6195 /* Release */ = {
			isa = XCBuildConfiguration;
			buildSettings = {
				ALWAYS_SEARCH_USER_PATHS = NO;
				CLANG_ANALYZER_NONNULL = YES;
				CLANG_CXX_LANGUAGE_STANDARD = "gnu++0x";
				CLANG_CXX_LIBRARY = "libc++";
				CLANG_ENABLE_MODULES = YES;
				CLANG_ENABLE_OBJC_ARC = YES;
				CLANG_WARN_BOOL_CONVERSION = YES;
				CLANG_WARN_CONSTANT_CONVERSION = YES;
				CLANG_WARN_DIRECT_OBJC_ISA_USAGE = YES_ERROR;
				CLANG_WARN_DOCUMENTATION_COMMENTS = YES;
				CLANG_WARN_EMPTY_BODY = YES;
				CLANG_WARN_ENUM_CONVERSION = YES;
				CLANG_WARN_INFINITE_RECURSION = YES;
				CLANG_WARN_INT_CONVERSION = YES;
				CLANG_WARN_OBJC_ROOT_CLASS = YES_ERROR;
				CLANG_WARN_SUSPICIOUS_MOVE = YES;
				CLANG_WARN_UNREACHABLE_CODE = YES;
				CLANG_WARN__DUPLICATE_METHOD_MATCH = YES;
				"CODE_SIGN_IDENTITY[sdk=iphoneos*]" = "iPhone Developer";
				COPY_PHASE_STRIP = NO;
				DEBUG_INFORMATION_FORMAT = "dwarf-with-dsym";
				ENABLE_NS_ASSERTIONS = NO;
				ENABLE_STRICT_OBJC_MSGSEND = YES;
				GCC_C_LANGUAGE_STANDARD = gnu99;
				GCC_NO_COMMON_BLOCKS = YES;
				GCC_WARN_64_TO_32_BIT_CONVERSION = YES;
				GCC_WARN_ABOUT_RETURN_TYPE = YES_ERROR;
				GCC_WARN_UNDECLARED_SELECTOR = YES;
				GCC_WARN_UNINITIALIZED_AUTOS = YES_AGGRESSIVE;
				GCC_WARN_UNUSED_FUNCTION = YES;
				GCC_WARN_UNUSED_VARIABLE = YES;
				IPHONEOS_DEPLOYMENT_TARGET = 10.2;
				MTL_ENABLE_DEBUG_INFO = NO;
				SDKROOT = iphoneos;
				SWIFT_OPTIMIZATION_LEVEL = "-Owholemodule";
				TARGETED_DEVICE_FAMILY = "1,2";
				VALIDATE_PRODUCT = YES;
			};
			name = Release;
		};
		D0D6159C1E57570F004F6195 /* Debug */ = {
			isa = XCBuildConfiguration;
			baseConfigurationReference = 2FCFF6F444ADE1A51E8CE054 /* Pods-CI-Setup.debug.xcconfig */;
			buildSettings = {
				ASSETCATALOG_COMPILER_APPICON_NAME = AppIcon;
				"CODE_SIGN_IDENTITY[sdk=iphoneos*]" = "iPhone Distribution";
				DEVELOPMENT_TEAM = 5KWF99WNA8;
				INFOPLIST_FILE = "CI-Setup/Info.plist";
				LD_RUNPATH_SEARCH_PATHS = "$(inherited) @executable_path/Frameworks";
				PRODUCT_BUNDLE_IDENTIFIER = "com.mmm.videolibrary.CI-Setup";
				PRODUCT_NAME = "$(TARGET_NAME)";
				PROVISIONING_PROFILE = "3674fa12-4a3d-483a-a373-ef6bef7b3d95";
				PROVISIONING_PROFILE_SPECIFIER = "2017 VL";
				SWIFT_VERSION = 3.0;
			};
			name = Debug;
		};
		D0D6159D1E57570F004F6195 /* Release */ = {
			isa = XCBuildConfiguration;
			baseConfigurationReference = FA49FB585EFE82A57EA48A43 /* Pods-CI-Setup.release.xcconfig */;
			buildSettings = {
				ASSETCATALOG_COMPILER_APPICON_NAME = AppIcon;
				"CODE_SIGN_IDENTITY[sdk=iphoneos*]" = "iPhone Distribution";
				DEVELOPMENT_TEAM = 5KWF99WNA8;
				INFOPLIST_FILE = "CI-Setup/Info.plist";
				LD_RUNPATH_SEARCH_PATHS = "$(inherited) @executable_path/Frameworks";
				PRODUCT_BUNDLE_IDENTIFIER = "com.mmm.videolibrary.CI-Setup";
				PRODUCT_NAME = "$(TARGET_NAME)";
				PROVISIONING_PROFILE = "3674fa12-4a3d-483a-a373-ef6bef7b3d95";
				PROVISIONING_PROFILE_SPECIFIER = "2017 VL";
				SWIFT_VERSION = 3.0;
			};
			name = Release;
		};
		D0D6159F1E57570F004F6195 /* Debug */ = {
			isa = XCBuildConfiguration;
			baseConfigurationReference = 547CF48DCD377CE0E7103B1E /* Pods-CI-SetupTests.debug.xcconfig */;
			buildSettings = {
				ALWAYS_EMBED_SWIFT_STANDARD_LIBRARIES = YES;
				BUNDLE_LOADER = "$(TEST_HOST)";
				DEVELOPMENT_TEAM = 5KWF99WNA8;
				INFOPLIST_FILE = "CI-SetupTests/Info.plist";
				LD_RUNPATH_SEARCH_PATHS = "$(inherited) @executable_path/Frameworks @loader_path/Frameworks";
				PRODUCT_BUNDLE_IDENTIFIER = "com.mmm.videolibrary.CI-SetupTests";
				PRODUCT_NAME = "$(TARGET_NAME)";
				SWIFT_VERSION = 3.0;
				TEST_HOST = "$(BUILT_PRODUCTS_DIR)/CI-Setup.app/CI-Setup";
			};
			name = Debug;
		};
		D0D615A01E57570F004F6195 /* Release */ = {
			isa = XCBuildConfiguration;
			baseConfigurationReference = 7695218E4D29DFD3B7075688 /* Pods-CI-SetupTests.release.xcconfig */;
			buildSettings = {
				ALWAYS_EMBED_SWIFT_STANDARD_LIBRARIES = YES;
				BUNDLE_LOADER = "$(TEST_HOST)";
				DEVELOPMENT_TEAM = 5KWF99WNA8;
				INFOPLIST_FILE = "CI-SetupTests/Info.plist";
				LD_RUNPATH_SEARCH_PATHS = "$(inherited) @executable_path/Frameworks @loader_path/Frameworks";
				PRODUCT_BUNDLE_IDENTIFIER = "com.mmm.videolibrary.CI-SetupTests";
				PRODUCT_NAME = "$(TARGET_NAME)";
				SWIFT_VERSION = 3.0;
				TEST_HOST = "$(BUILT_PRODUCTS_DIR)/CI-Setup.app/CI-Setup";
			};
			name = Release;
		};
		D0D615A21E57570F004F6195 /* Debug */ = {
			isa = XCBuildConfiguration;
			baseConfigurationReference = CC559B8E57C2DF6DB114B1E0 /* Pods-CI-SetupUITests.debug.xcconfig */;
			buildSettings = {
				ALWAYS_EMBED_SWIFT_STANDARD_LIBRARIES = YES;
				DEVELOPMENT_TEAM = 5KWF99WNA8;
				INFOPLIST_FILE = "CI-SetupUITests/Info.plist";
				LD_RUNPATH_SEARCH_PATHS = "$(inherited) @executable_path/Frameworks @loader_path/Frameworks";
				PRODUCT_BUNDLE_IDENTIFIER = "com.mmm.videolibrary.CI-SetupUITests";
				PRODUCT_NAME = "$(TARGET_NAME)";
				SWIFT_VERSION = 3.0;
				TEST_TARGET_NAME = "CI-Setup";
			};
			name = Debug;
		};
		D0D615A31E57570F004F6195 /* Release */ = {
			isa = XCBuildConfiguration;
			baseConfigurationReference = 10880D6690E15C041B2AB2D5 /* Pods-CI-SetupUITests.release.xcconfig */;
			buildSettings = {
				ALWAYS_EMBED_SWIFT_STANDARD_LIBRARIES = YES;
				DEVELOPMENT_TEAM = 5KWF99WNA8;
				INFOPLIST_FILE = "CI-SetupUITests/Info.plist";
				LD_RUNPATH_SEARCH_PATHS = "$(inherited) @executable_path/Frameworks @loader_path/Frameworks";
				PRODUCT_BUNDLE_IDENTIFIER = "com.mmm.videolibrary.CI-SetupUITests";
				PRODUCT_NAME = "$(TARGET_NAME)";
				SWIFT_VERSION = 3.0;
				TEST_TARGET_NAME = "CI-Setup";
			};
			name = Release;
		};
/* End XCBuildConfiguration section */

/* Begin XCConfigurationList section */
		D0D6156B1E57570F004F6195 /* Build configuration list for PBXProject "CI-Setup" */ = {
			isa = XCConfigurationList;
			buildConfigurations = (
				D0D615991E57570F004F6195 /* Debug */,
				D0D6159A1E57570F004F6195 /* Release */,
			);
			defaultConfigurationIsVisible = 0;
			defaultConfigurationName = Release;
		};
		D0D6159B1E57570F004F6195 /* Build configuration list for PBXNativeTarget "CI-Setup" */ = {
			isa = XCConfigurationList;
			buildConfigurations = (
				D0D6159C1E57570F004F6195 /* Debug */,
				D0D6159D1E57570F004F6195 /* Release */,
			);
			defaultConfigurationIsVisible = 0;
			defaultConfigurationName = Release;
		};
		D0D6159E1E57570F004F6195 /* Build configuration list for PBXNativeTarget "CI-SetupTests" */ = {
			isa = XCConfigurationList;
			buildConfigurations = (
				D0D6159F1E57570F004F6195 /* Debug */,
				D0D615A01E57570F004F6195 /* Release */,
			);
			defaultConfigurationIsVisible = 0;
			defaultConfigurationName = Release;
		};
		D0D615A11E57570F004F6195 /* Build configuration list for PBXNativeTarget "CI-SetupUITests" */ = {
			isa = XCConfigurationList;
			buildConfigurations = (
				D0D615A21E57570F004F6195 /* Debug */,
				D0D615A31E57570F004F6195 /* Release */,
			);
			defaultConfigurationIsVisible = 0;
			defaultConfigurationName = Release;
		};
/* End XCConfigurationList section */

/* Begin XCVersionGroup section */
		D0D6157A1E57570F004F6195 /* CI_Setup.xcdatamodeld */ = {
			isa = XCVersionGroup;
			children = (
				D0D6157B1E57570F004F6195 /* CI_Setup.xcdatamodel */,
			);
			currentVersion = D0D6157B1E57570F004F6195 /* CI_Setup.xcdatamodel */;
			path = CI_Setup.xcdatamodeld;
			sourceTree = "<group>";
			versionGroupType = wrapper.xcdatamodel;
		};
/* End XCVersionGroup section */
	};
	rootObject = D0D615681E57570F004F6195 /* Project object */;
}
